
Microsoft Visual Studio Solution File, Format Version 11.00
# Visual Studio 2010
Project("{8BC9CEB8-8B4A-11D0-8D11-00A0C91BC942}") = "task_A", "task_A\task_A.vcxproj", "{3A8BF9C6-28EE-4CFC-B3B7-90733C6AD1D0}"
EndProject
Global
	GlobalSection(SolutionConfigurationPlatforms) = preSolution
		Debug|Win32 = Debug|Win32
		Release|Win32 = Release|Win32
	EndGlobalSection
	GlobalSection(ProjectConfigurationPlatforms) = postSolution
		{3A8BF9C6-28EE-4CFC-B3B7-90733C6AD1D0}.Debug|Win32.ActiveCfg = Debug|Win32
		{3A8BF9C6-28EE-4CFC-B3B7-90733C6AD1D0}.Debug|Win32.Build.0 = Debug|Win32
		{3A8BF9C6-28EE-4CFC-B3B7-90733C6AD1D0}.Release|Win32.ActiveCfg = Release|Win32
		{3A8BF9C6-28EE-4CFC-B3B7-90733C6AD1D0}.Release|Win32.Build.0 = Release|Win32
	EndGlobalSection
	GlobalSection(SolutionProperties) = preSolution
		HideSolutionNode = FALSE
	EndGlobalSection
EndGlobal
